Microsoft Visual Studio Solution File, Format Version 12.00
# Visual Studio Version 17
VisualStudioVersion = 17.14.36511.14 d17.14
MinimumVisualStudioVersion = 10.0.40219.1
Project("{FAE04EC0-301F-11D3-BF4B-00C04F79EFBC}") = "Project-465.AppHost", "Project-465.AppHost\Project-465.AppHost.csproj", "{FCAC0D22-96FD-4FA9-97DC-C3359B5A303B}"
EndProject
Project("{FAE04EC0-301F-11D3-BF4B-00C04F79EFBC}") = "Project-465.ServiceDefaults", "Project-465.ServiceDefaults\Project-465.ServiceDefaults.csproj", "{830D881F-931A-E626-E708-CF73F718A82F}"
EndProject
Project("{FAE04EC0-301F-11D3-BF4B-00C04F79EFBC}") = "CORE", "CORE\CORE.csproj", "{5ED06CAD-956C-C94D-BC0C-E89E30A887C2}"
EndProject
Project("{FAE04EC0-301F-11D3-BF4B-00C04F79EFBC}") = "Movies.APP", "Movies.APP\Movies.APP.csproj", "{FB88CEF5-E0BD-410B-A54B-350DAF7A5C6F}"
EndProject
Project("{FAE04EC0-301F-11D3-BF4B-00C04F79EFBC}") = "Movies.API", "Movies.API\Movies.API.csproj", "{00D9C465-1AA9-C303-5647-46483F5BB1D5}"
EndProject
Global
	GlobalSection(SolutionConfigurationPlatforms) = preSolution
		Debug|Any CPU = Debug|Any CPU
		Release|Any CPU = Release|Any CPU
	EndGlobalSection
	GlobalSection(ProjectConfigurationPlatforms) = postSolution
		{FCAC0D22-96FD-4FA9-97DC-C3359B5A303B}.Debug|Any CPU.ActiveCfg = Debug|Any CPU
		{FCAC0D22-96FD-4FA9-97DC-C3359B5A303B}.Debug|Any CPU.Build.0 = Debug|Any CPU
		{FCAC0D22-96FD-4FA9-97DC-C3359B5A303B}.Release|Any CPU.ActiveCfg = Release|Any CPU
		{FCAC0D22-96FD-4FA9-97DC-C3359B5A303B}.Release|Any CPU.Build.0 = Release|Any CPU
		{830D881F-931A-E626-E708-CF73F718A82F}.Debug|Any CPU.ActiveCfg = Debug|Any CPU
		{830D881F-931A-E626-E708-CF73F718A82F}.Debug|Any CPU.Build.0 = Debug|Any CPU
		{830D881F-931A-E626-E708-CF73F718A82F}.Release|Any CPU.ActiveCfg = Release|Any CPU
		{830D881F-931A-E626-E708-CF73F718A82F}.Release|Any CPU.Build.0 = Release|Any CPU
		{5ED06CAD-956C-C94D-BC0C-E89E30A887C2}.Debug|Any CPU.ActiveCfg = Debug|Any CPU
		{5ED06CAD-956C-C94D-BC0C-E89E30A887C2}.Debug|Any CPU.Build.0 = Debug|Any CPU
		{5ED06CAD-956C-C94D-BC0C-E89E30A887C2}.Release|Any CPU.ActiveCfg = Release|Any CPU
		{5ED06CAD-956C-C94D-BC0C-E89E30A887C2}.Release|Any CPU.Build.0 = Release|Any CPU
		{FB88CEF5-E0BD-410B-A54B-350DAF7A5C6F}.Debug|Any CPU.ActiveCfg = Debug|Any CPU
		{FB88CEF5-E0BD-410B-A54B-350DAF7A5C6F}.Debug|Any CPU.Build.0 = Debug|Any CPU
		{FB88CEF5-E0BD-410B-A54B-350DAF7A5C6F}.Release|Any CPU.ActiveCfg = Release|Any CPU
		{FB88CEF5-E0BD-410B-A54B-350DAF7A5C6F}.Release|Any CPU.Build.0 = Release|Any CPU
		{00D9C465-1AA9-C303-5647-46483F5BB1D5}.Debug|Any CPU.ActiveCfg = Debug|Any CPU
		{00D9C465-1AA9-C303-5647-46483F5BB1D5}.Debug|Any CPU.Build.0 = Debug|Any CPU
		{00D9C465-1AA9-C303-5647-46483F5BB1D5}.Release|Any CPU.ActiveCfg = Release|Any CPU
		{00D9C465-1AA9-C303-5647-46483F5BB1D5}.Release|Any CPU.Build.0 = Release|Any CPU
	EndGlobalSection
	GlobalSection(SolutionProperties) = preSolution
		HideSolutionNode = FALSE
	EndGlobalSection
	GlobalSection(ExtensibilityGlobals) = postSolution
		SolutionGuid = {E7AFFF7E-A733-43AA-916D-61C806A8AA08}
	EndGlobalSection
EndGlobal
